
Microsoft Visual Studio Solution File, Format Version 12.00
# Visual Studio Express 2013 for Windows Desktop
VisualStudioVersion = 12.0.30723.0
MinimumVisualStudioVersion = 10.0.40219.1
Project("{FAE04EC0-301F-11D3-BF4B-00C04F79EFBC}") = "Kata001_MultiplesOf3And5", "Kata001_MultiplesOf3And5\Kata001_MultiplesOf3And5.csproj", "{1C4ECCE8-0E9D-4982-B7BD-A7D8F2A97437}"
EndProject
Project("{FAE04EC0-301F-11D3-BF4B-00C04F79EFBC}") = "Kata002_EvenFibonacciNumbers", "Kata002_EvenFibonacciNumbers\Kata002_EvenFibonacciNumbers.csproj", "{04E1D6A8-E43B-410C-9AD5-AE656725970B}"
EndProject
Project("{FAE04EC0-301F-11D3-BF4B-00C04F79EFBC}") = "Kata003_LargestPrimeFactor", "Kata003_LargestPrimeFactor\Kata003_LargestPrimeFactor.csproj", "{DCEEBE05-A71D-4AC6-9425-D120BA3546E6}"
EndProject
Project("{FAE04EC0-301F-11D3-BF4B-00C04F79EFBC}") = "Kata004_LargestPalindromeProduct", "Kata004_LargestPalindromeProduct\Kata004_LargestPalindromeProduct.csproj", "{C7F928FD-C9D9-4996-BFC1-DF9C332A669C}"
EndProject
Project("{FAE04EC0-301F-11D3-BF4B-00C04F79EFBC}") = "Kata005_SmallestMultiple", "Kata005_SmallestMultiple\Kata005_SmallestMultiple.csproj", "{342A095D-654B-4E7A-BA61-CB17F7396DF3}"
EndProject
Project("{FAE04EC0-301F-11D3-BF4B-00C04F79EFBC}") = "Kata006_SumSquareDifference", "Kata006_SumSquareDifference\Kata006_SumSquareDifference.csproj", "{C3E012AC-755B-48B8-8C0E-728275826A0E}"
EndProject
Project("{FAE04EC0-301F-11D3-BF4B-00C04F79EFBC}") = "Kata007_10001stPrime", "Kata007_10001stPrime\Kata007_10001stPrime.csproj", "{4308574F-EA9D-46E2-90DD-6DF4C7C3D5F8}"
EndProject
Project("{FAE04EC0-301F-11D3-BF4B-00C04F79EFBC}") = "Kata008_LargestProductInASeries", "Kata008_LargestProductInASeries\Kata008_LargestProductInASeries.csproj", "{FA09F159-E2F9-4430-AE03-CEB36AC6B086}"
EndProject
Project("{FAE04EC0-301F-11D3-BF4B-00C04F79EFBC}") = "Kata009_SpecialPythagoreanTriplet", "Kata009_SpecialPythagoreanTriplet\Kata009_SpecialPythagoreanTriplet.csproj", "{4367AACD-5D88-4B1D-A56A-ADDCBD318B8F}"
EndProject
Project("{FAE04EC0-301F-11D3-BF4B-00C04F79EFBC}") = "Kata010_SummationOfPrimes", "Kata010_SummationOfPrimes\Kata010_SummationOfPrimes.csproj", "{5E2C3247-88D0-445D-B8D6-63AD8D1A60F4}"
EndProject
Project("{FAE04EC0-301F-11D3-BF4B-00C04F79EFBC}") = "Kata011_LargestProductInAGrid", "Kata011_LargestProductInAGrid\Kata011_LargestProductInAGrid.csproj", "{6127864C-48A2-4A03-BEC4-230DF57EE030}"
EndProject
Global
	GlobalSection(SolutionConfigurationPlatforms) = preSolution
		Debug|Any CPU = Debug|Any CPU
		Release|Any CPU = Release|Any CPU
	EndGlobalSection
	GlobalSection(ProjectConfigurationPlatforms) = postSolution
		{1C4ECCE8-0E9D-4982-B7BD-A7D8F2A97437}.Debug|Any CPU.ActiveCfg = Debug|Any CPU
		{1C4ECCE8-0E9D-4982-B7BD-A7D8F2A97437}.Debug|Any CPU.Build.0 = Debug|Any CPU
		{1C4ECCE8-0E9D-4982-B7BD-A7D8F2A97437}.Release|Any CPU.ActiveCfg = Release|Any CPU
		{1C4ECCE8-0E9D-4982-B7BD-A7D8F2A97437}.Release|Any CPU.Build.0 = Release|Any CPU
		{04E1D6A8-E43B-410C-9AD5-AE656725970B}.Debug|Any CPU.ActiveCfg = Debug|Any CPU
		{04E1D6A8-E43B-410C-9AD5-AE656725970B}.Debug|Any CPU.Build.0 = Debug|Any CPU
		{04E1D6A8-E43B-410C-9AD5-AE656725970B}.Release|Any CPU.ActiveCfg = Release|Any CPU
		{04E1D6A8-E43B-410C-9AD5-AE656725970B}.Release|Any CPU.Build.0 = Release|Any CPU
		{DCEEBE05-A71D-4AC6-9425-D120BA3546E6}.Debug|Any CPU.ActiveCfg = Debug|Any CPU
		{DCEEBE05-A71D-4AC6-9425-D120BA3546E6}.Debug|Any CPU.Build.0 = Debug|Any CPU
		{DCEEBE05-A71D-4AC6-9425-D120BA3546E6}.Release|Any CPU.ActiveCfg = Release|Any CPU
		{DCEEBE05-A71D-4AC6-9425-D120BA3546E6}.Release|Any CPU.Build.0 = Release|Any CPU
		{C7F928FD-C9D9-4996-BFC1-DF9C332A669C}.Debug|Any CPU.ActiveCfg = Debug|Any CPU
		{C7F928FD-C9D9-4996-BFC1-DF9C332A669C}.Debug|Any CPU.Build.0 = Debug|Any CPU
		{C7F928FD-C9D9-4996-BFC1-DF9C332A669C}.Release|Any CPU.ActiveCfg = Release|Any CPU
		{C7F928FD-C9D9-4996-BFC1-DF9C332A669C}.Release|Any CPU.Build.0 = Release|Any CPU
		{342A095D-654B-4E7A-BA61-CB17F7396DF3}.Debug|Any CPU.ActiveCfg = Debug|Any CPU
		{342A095D-654B-4E7A-BA61-CB17F7396DF3}.Debug|Any CPU.Build.0 = Debug|Any CPU
		{342A095D-654B-4E7A-BA61-CB17F7396DF3}.Release|Any CPU.ActiveCfg = Release|Any CPU
		{342A095D-654B-4E7A-BA61-CB17F7396DF3}.Release|Any CPU.Build.0 = Release|Any CPU
		{C3E012AC-755B-48B8-8C0E-728275826A0E}.Debug|Any CPU.ActiveCfg = Debug|Any CPU
		{C3E012AC-755B-48B8-8C0E-728275826A0E}.Debug|Any CPU.Build.0 = Debug|Any CPU
		{C3E012AC-755B-48B8-8C0E-728275826A0E}.Release|Any CPU.ActiveCfg = Release|Any CPU
		{C3E012AC-755B-48B8-8C0E-728275826A0E}.Release|Any CPU.Build.0 = Release|Any CPU
		{4308574F-EA9D-46E2-90DD-6DF4C7C3D5F8}.Debug|Any CPU.ActiveCfg = Debug|Any CPU
		{4308574F-EA9D-46E2-90DD-6DF4C7C3D5F8}.Debug|Any CPU.Build.0 = Debug|Any CPU
		{4308574F-EA9D-46E2-90DD-6DF4C7C3D5F8}.Release|Any CPU.ActiveCfg = Release|Any CPU
		{4308574F-EA9D-46E2-90DD-6DF4C7C3D5F8}.Release|Any CPU.Build.0 = Release|Any CPU
		{FA09F159-E2F9-4430-AE03-CEB36AC6B086}.Debug|Any CPU.ActiveCfg = Debug|Any CPU
		{FA09F159-E2F9-4430-AE03-CEB36AC6B086}.Debug|Any CPU.Build.0 = Debug|Any CPU
		{FA09F159-E2F9-4430-AE03-CEB36AC6B086}.Release|Any CPU.ActiveCfg = Release|Any CPU
		{FA09F159-E2F9-4430-AE03-CEB36AC6B086}.Release|Any CPU.Build.0 = Release|Any CPU
		{4367AACD-5D88-4B1D-A56A-ADDCBD318B8F}.Debug|Any CPU.ActiveCfg = Debug|Any CPU
		{4367AACD-5D88-4B1D-A56A-ADDCBD318B8F}.Debug|Any CPU.Build.0 = Debug|Any CPU
		{4367AACD-5D88-4B1D-A56A-ADDCBD318B8F}.Release|Any CPU.ActiveCfg = Release|Any CPU
		{4367AACD-5D88-4B1D-A56A-ADDCBD318B8F}.Release|Any CPU.Build.0 = Release|Any CPU
		{5E2C3247-88D0-445D-B8D6-63AD8D1A60F4}.Debug|Any CPU.ActiveCfg = Debug|Any CPU
		{5E2C3247-88D0-445D-B8D6-63AD8D1A60F4}.Debug|Any CPU.Build.0 = Debug|Any CPU
		{5E2C3247-88D0-445D-B8D6-63AD8D1A60F4}.Release|Any CPU.ActiveCfg = Release|Any CPU
		{5E2C3247-88D0-445D-B8D6-63AD8D1A60F4}.Release|Any CPU.Build.0 = Release|Any CPU
		{6127864C-48A2-4A03-BEC4-230DF57EE030}.Debug|Any CPU.ActiveCfg = Debug|Any CPU
		{6127864C-48A2-4A03-BEC4-230DF57EE030}.Debug|Any CPU.Build.0 = Debug|Any CPU
		{6127864C-48A2-4A03-BEC4-230DF57EE030}.Release|Any CPU.ActiveCfg = Release|Any CPU
		{6127864C-48A2-4A03-BEC4-230DF57EE030}.Release|Any CPU.Build.0 = Release|Any CPU
	EndGlobalSection
	GlobalSection(SolutionProperties) = preSolution
		HideSolutionNode = FALSE
	EndGlobalSection
EndGlobal
